# generated by rye
# use `rye lock` or `rye sync` to update this lockfile
#
# last locked with the following flags:
#   pre: false
#   features: []
#   all-features: false

-e file:.
altgraph==0.17.4
attrs==23.2.0
certifi==2024.2.2
cffi==1.16.0
cfgv==3.4.0
distlib==0.3.8
exceptiongroup==1.2.0
filelock==3.13.1
h11==0.14.0
identify==2.5.34
idna==3.6
jaconv==0.3.4
msgpack==1.0.7
mypy==1.8.0
mypy-extensions==1.0.0
nodeenv==1.8.0
numpy==1.26.3
opencv-python==4.9.0.80
outcome==1.3.0.post0
packaging==24.0
pandas==2.1.4
pefile==2023.2.7
pillow==10.2.0
platformdirs==4.2.0
pre-commit==3.6.1
pycparser==2.21
pyinstaller==6.7.0
pyinstaller-hooks-contrib==2024.6
pyocr==0.8.5
pysocks==1.7.1
python-dateutil==2.8.2
pytz==2023.3.post1
pywin32-ctypes==0.2.2
pyyaml==6.0.1
ruff==0.1.13
selenium==4.17.2
simpleobsws==1.4.0
six==1.16.0
sniffio==1.3.0
sortedcontainers==2.4.0
tomli==2.0.1
trio==0.24.0
trio-websocket==0.11.1
ttkthemes==3.2.2
typing-extensions==4.9.0
tzdata==2023.4
urllib3==2.2.0
virtualenv==20.25.0
websockets==12.0
wsproto==1.2.0
# The following packages are considered to be unsafe in a requirements file:
setuptools==69.1.0
